
Microsoft Visual Studio Solution File, Format Version 12.00
# Visual Studio 14
VisualStudioVersion = 14.0.25420.1
MinimumVisualStudioVersion = 10.0.40219.1
Project("{FAE04EC0-301F-11D3-BF4B-00C04F79EFBC}") = "Cinemas_Hnry", "Cinemas_Hnry\Cinemas_Hnry.csproj", "{DD560E35-0625-494C-BCB7-9F5FF4CDEB0F}"
EndProject
Global
	GlobalSection(SolutionConfigurationPlatforms) = preSolution
		Debug|Any CPU = Debug|Any CPU
		Release|Any CPU = Release|Any CPU
	EndGlobalSection
	GlobalSection(ProjectConfigurationPlatforms) = postSolution
		{DD560E35-0625-494C-BCB7-9F5FF4CDEB0F}.Debug|Any CPU.ActiveCfg = Debug|Any CPU
		{DD560E35-0625-494C-BCB7-9F5FF4CDEB0F}.Debug|Any CPU.Build.0 = Debug|Any CPU
		{DD560E35-0625-494C-BCB7-9F5FF4CDEB0F}.Release|Any CPU.ActiveCfg = Release|Any CPU
		{DD560E35-0625-494C-BCB7-9F5FF4CDEB0F}.Release|Any CPU.Build.0 = Release|Any CPU
	EndGlobalSection
	GlobalSection(SolutionProperties) = preSolution
		HideSolutionNode = FALSE
	EndGlobalSection
EndGlobal
